
Microsoft Visual Studio Solution File, Format Version 12.00
Project("{FAE04EC0-301F-11D3-BF4B-00C04F79EFBC}") = "SmartHomeRemoteControl", "SmartHomeRemoteControl\SmartHomeRemoteControl.csproj", "{757C74B4-F523-475C-88BE-145A7BAEF17B}"
EndProject
Global
	GlobalSection(SolutionConfigurationPlatforms) = preSolution
		Debug|Any CPU = Debug|Any CPU
		Release|Any CPU = Release|Any CPU
	EndGlobalSection
	GlobalSection(ProjectConfigurationPlatforms) = postSolution
		{757C74B4-F523-475C-88BE-145A7BAEF17B}.Debug|Any CPU.ActiveCfg = Debug|Any CPU
		{757C74B4-F523-475C-88BE-145A7BAEF17B}.Debug|Any CPU.Build.0 = Debug|Any CPU
		{757C74B4-F523-475C-88BE-145A7BAEF17B}.Release|Any CPU.ActiveCfg = Release|Any CPU
		{757C74B4-F523-475C-88BE-145A7BAEF17B}.Release|Any CPU.Build.0 = Release|Any CPU
	EndGlobalSection
EndGlobal
